
Microsoft Visual Studio Solution File, Format Version 12.00
# Visual Studio 15
VisualStudioVersion = 15.0.28307.1169
MinimumVisualStudioVersion = 10.0.40219.1
Project("{FAE04EC0-301F-11D3-BF4B-00C04F79EFBC}") = "UBS.Specs", "UBS.Specs\UBS.Specs.csproj", "{F3438EC2-6673-47E7-8EB8-408C06E8379C}"
EndProject
Project("{FAE04EC0-301F-11D3-BF4B-00C04F79EFBC}") = "UBS.Selenium", "UBS.Selenium\UBS.Selenium.csproj", "{B44FD0DC-B35F-42C8-91E0-FE28DA9DB75F}"
EndProject
Global
	GlobalSection(SolutionConfigurationPlatforms) = preSolution
		Debug|Any CPU = Debug|Any CPU
		Release|Any CPU = Release|Any CPU
	EndGlobalSection
	GlobalSection(ProjectConfigurationPlatforms) = postSolution
		{F3438EC2-6673-47E7-8EB8-408C06E8379C}.Debug|Any CPU.ActiveCfg = Debug|Any CPU
		{F3438EC2-6673-47E7-8EB8-408C06E8379C}.Debug|Any CPU.Build.0 = Debug|Any CPU
		{F3438EC2-6673-47E7-8EB8-408C06E8379C}.Release|Any CPU.ActiveCfg = Release|Any CPU
		{F3438EC2-6673-47E7-8EB8-408C06E8379C}.Release|Any CPU.Build.0 = Release|Any CPU
		{B44FD0DC-B35F-42C8-91E0-FE28DA9DB75F}.Debug|Any CPU.ActiveCfg = Debug|Any CPU
		{B44FD0DC-B35F-42C8-91E0-FE28DA9DB75F}.Debug|Any CPU.Build.0 = Debug|Any CPU
		{B44FD0DC-B35F-42C8-91E0-FE28DA9DB75F}.Release|Any CPU.ActiveCfg = Release|Any CPU
		{B44FD0DC-B35F-42C8-91E0-FE28DA9DB75F}.Release|Any CPU.Build.0 = Release|Any CPU
	EndGlobalSection
	GlobalSection(SolutionProperties) = preSolution
		HideSolutionNode = FALSE
	EndGlobalSection
	GlobalSection(ExtensibilityGlobals) = postSolution
		SolutionGuid = {2F3827D8-AF4A-42E3-AC14-B77BAB935F96}
	EndGlobalSection
EndGlobal
